{
    "name": "node-api",
    "requires": true,
    "lockfileVersion": 1,
    "dependencies": {
        "async": {
            "version": "0.9.0",
            "resolved": "https://registry.npmjs.org/async/-/async-0.9.0.tgz",
            "integrity": "sha1-rDYTsdqb7RtHUQu0ZRuJMeRxRsc="
        },
        "bson": {
            "version": "0.2.22",
            "resolved": "https://registry.npmjs.org/bson/-/bson-0.2.22.tgz",
            "integrity": "sha1-/NoQPybQwHTVpS1Qkn24D9ArSzk=",
            "requires": {
                "nan": "1.8.4"
            }
        },
        "core-util-is": {
            "version": "1.0.2",
            "resolved": "https://registry.npmjs.org/core-util-is/-/core-util-is-1.0.2.tgz",
            "integrity": "sha1-tf1UIgqivFq1eqtxQMlAdUUDwac=",
            "optional": true
        },
        "debug": {
            "version": "0.7.4",
            "resolved": "https://registry.npmjs.org/debug/-/debug-0.7.4.tgz",
            "integrity": "sha1-BuHqgILCyxTjmAbiLi9vdX+Srzk="
        },
        "hooks": {
            "version": "0.3.2",
            "resolved": "https://registry.npmjs.org/hooks/-/hooks-0.3.2.tgz",
            "integrity": "sha1-ox8GDCAmzqbPHKPrF4Qw5xjhxKM="
        },
        "inherits": {
            "version": "2.0.3",
            "resolved": "https://registry.npmjs.org/inherits/-/inherits-2.0.3.tgz",
            "integrity": "sha1-Yzwsg+PaQqUC9SRmAiSA9CCCYd4=",
            "optional": true
        },
        "isarray": {
            "version": "1.0.0",
            "resolved": "https://registry.npmjs.org/isarray/-/isarray-1.0.0.tgz",
            "integrity": "sha1-u5NdSFgsuhaMBoNJV6VKPgcSTxE=",
            "optional": true
        },
        "kareem": {
            "version": "0.0.4",
            "resolved": "https://registry.npmjs.org/kareem/-/kareem-0.0.4.tgz",
            "integrity": "sha1-qEdd79dM+CmwBx0g5pcb8V2RHSs="
        },
        "kerberos": {
            "version": "0.0.4",
            "resolved": "https://registry.npmjs.org/kerberos/-/kerberos-0.0.4.tgz",
            "integrity": "sha1-EYNmOPcpovbFuuBWp9ehWJjJunw=",
            "optional": true
        },
        "mongodb": {
            "version": "1.4.12",
            "resolved": "https://registry.npmjs.org/mongodb/-/mongodb-1.4.12.tgz",
            "integrity": "sha1-Zc3UbsEnhh6UEWj9zPgr8XrXHE0=",
            "requires": {
                "bson": "0.2.22",
                "kerberos": "0.0.4",
                "readable-stream": "2.3.6"
            }
        },
        "mongoose": {
            "version": "3.9.7",
            "resolved": "https://registry.npmjs.org/mongoose/-/mongoose-3.9.7.tgz",
            "integrity": "sha1-sxXm6+XO/M44Q1BLeR8DiCgEjaY=",
            "requires": {
                "async": "0.9.0",
                "hooks": "0.3.2",
                "kareem": "0.0.4",
                "mongodb": "1.4.12",
                "mpath": "0.1.1",
                "mpromise": "0.5.4",
                "mquery": "1.0.0",
                "ms": "0.1.0",
                "muri": "0.3.1",
                "regexp-clone": "0.0.1",
                "sliced": "0.0.5"
            }
        },
        "mpath": {
            "version": "0.1.1",
            "resolved": "https://registry.npmjs.org/mpath/-/mpath-0.1.1.tgz",
            "integrity": "sha1-I9qFK3wjLuCX9HWdKcDunNItXkY="
        },
        "mpromise": {
            "version": "0.5.4",
            "resolved": "https://registry.npmjs.org/mpromise/-/mpromise-0.5.4.tgz",
            "integrity": "sha1-thBhPsbeN0GflEs18Hg7Ten13HU="
        },
        "mquery": {
            "version": "1.0.0",
            "resolved": "https://registry.npmjs.org/mquery/-/mquery-1.0.0.tgz",
            "integrity": "sha1-aUCkbWQzaP6OWr3euUvY3TIBP1s=",
            "requires": {
                "debug": "0.7.4",
                "regexp-clone": "0.0.1",
                "sliced": "0.0.5"
            }
        },
        "ms": {
            "version": "0.1.0",
            "resolved": "https://registry.npmjs.org/ms/-/ms-0.1.0.tgz",
            "integrity": "sha1-8h+sSQ2vHXZn/RgP6QdzicyUQrI="
        },
        "muri": {
            "version": "0.3.1",
            "resolved": "https://registry.npmjs.org/muri/-/muri-0.3.1.tgz",
            "integrity": "sha1-hhiJxchX8aQ3AL7oXVBzH2FyfJo="
        },
        "nan": {
            "version": "1.8.4",
            "resolved": "https://registry.npmjs.org/nan/-/nan-1.8.4.tgz",
            "integrity": "sha1-PHa1OC6rM+RLdY0oE8qdkuk0LzQ="
        },
        "process-nextick-args": {
            "version": "2.0.0",
            "resolved": "https://registry.npmjs.org/process-nextick-args/-/process-nextick-args-2.0.0.tgz",
            "integrity": "sha512-MtEC1TqN0EU5nephaJ4rAtThHtC86dNN9qCuEhtshvpVBkAW5ZO7BASN9REnF9eoXGcRub+pFuKEpOHE+HbEMw==",
            "optional": true
        },
        "readable-stream": {
            "version": "2.3.6",
            "resolved": "https://registry.npmjs.org/readable-stream/-/readable-stream-2.3.6.tgz",
            "integrity": "sha512-tQtKA9WIAhBF3+VLAseyMqZeBjW0AHJoxOtYqSUZNJxauErmLbVm2FW1y+J/YA9dUrAC39ITejlZWhVIwawkKw==",
            "optional": true,
            "requires": {
                "core-util-is": "1.0.2",
                "inherits": "2.0.3",
                "isarray": "1.0.0",
                "process-nextick-args": "2.0.0",
                "safe-buffer": "5.1.2",
                "string_decoder": "1.1.1",
                "util-deprecate": "1.0.2"
            }
        },
        "regexp-clone": {
            "version": "0.0.1",
            "resolved": "https://registry.npmjs.org/regexp-clone/-/regexp-clone-0.0.1.tgz",
            "integrity": "sha1-p8LgmJH9vzj7sQ03b7cwA+aKxYk="
        },
        "safe-buffer": {
            "version": "5.1.2",
            "resolved": "https://registry.npmjs.org/safe-buffer/-/safe-buffer-5.1.2.tgz",
            "integrity": "sha512-Gd2UZBJDkXlY7GbJxfsE8/nvKkUEU1G38c1siN6QP6a9PT9MmHB8GnpscSmMJSoF8LOIrt8ud/wPtojys4G6+g=="
        },
        "sliced": {
            "version": "0.0.5",
            "resolved": "https://registry.npmjs.org/sliced/-/sliced-0.0.5.tgz",
            "integrity": "sha1-XtwETKTrb3gW1Qui/GPiXY/kcH8="
        },
        "string_decoder": {
            "version": "1.1.1",
            "resolved": "https://registry.npmjs.org/string_decoder/-/string_decoder-1.1.1.tgz",
            "integrity": "sha512-n/ShnvDi6FHbbVfviro+WojiFzv+s8MPMHBczVePfUpDJLwoLT0ht1l4YwBCbi8pJAveEEdnkHyPyTP/mzRfwg==",
            "optional": true,
            "requires": {
                "safe-buffer": "5.1.2"
            }
        },
        "util-deprecate": {
            "version": "1.0.2",
            "resolved": "https://registry.npmjs.org/util-deprecate/-/util-deprecate-1.0.2.tgz",
            "integrity": "sha1-RQ1Nyfpw3nMnYvvS1KKJgUGaDM8=",
            "optional": true
        }
    }
}
